
Microsoft Visual Studio Solution File, Format Version 12.00
# Visual Studio Version 16
VisualStudioVersion = 16.0.30711.63
MinimumVisualStudioVersion = 10.0.40219.1
Project("{9A19103F-16F7-4668-BE54-9A1E7A4F7556}") = "Game", "Game\Game.csproj", "{99ABEEF6-82F5-43D0-A11E-3B36C6EE0210}"
EndProject
Project("{9A19103F-16F7-4668-BE54-9A1E7A4F7556}") = "Game.Resources", "Game.Resources\Game.Resources.csproj", "{98F0A0E9-BF75-4534-94F5-4F7253D4F935}"
EndProject
Project("{9A19103F-16F7-4668-BE54-9A1E7A4F7556}") = "Game.Jobs", "Game.Jobs\Game.Jobs.csproj", "{078DD8A9-5ABF-4579-B176-3F664C9BF0C4}"
EndProject
Project("{9A19103F-16F7-4668-BE54-9A1E7A4F7556}") = "Game.People", "Game.People\Game.People.csproj", "{F9FD2FEE-7FCE-47B6-A50B-E0C7C1D15E79}"
EndProject
Project("{9A19103F-16F7-4668-BE54-9A1E7A4F7556}") = "Game.Tests", "Game.Tests\Game.Tests.csproj", "{16000A49-9CED-43C2-B033-87DB514A2AF4}"
EndProject
Project("{9A19103F-16F7-4668-BE54-9A1E7A4F7556}") = "Game.GUI", "Game.GUI\Game.GUI.csproj", "{2B2C8995-2936-40D6-95B9-8247EE058C96}"
EndProject
Project("{9A19103F-16F7-4668-BE54-9A1E7A4F7556}") = "Game.Shared", "Game.Shared\Game.Shared.csproj", "{030EC790-1523-4BE6-A5FD-1AAE8E8D562D}"
EndProject
Project("{9A19103F-16F7-4668-BE54-9A1E7A4F7556}") = "Game.SIUnits", "Game.SIUnits\Game.SIUnits.csproj", "{119ACA1D-027B-4A1D-A2F0-FF4695D9D5DF}"
EndProject
Project("{FAE04EC0-301F-11D3-BF4B-00C04F79EFBC}") = "Game.Benchmarks", "Game.Benchmarks\Game.Benchmarks.csproj", "{A617A0CB-1DC7-4987-9FF8-063EA7C728DC}"
EndProject
Global
	GlobalSection(SolutionConfigurationPlatforms) = preSolution
		Debug|Any CPU = Debug|Any CPU
		Release|Any CPU = Release|Any CPU
	EndGlobalSection
	GlobalSection(ProjectConfigurationPlatforms) = postSolution
		{99ABEEF6-82F5-43D0-A11E-3B36C6EE0210}.Debug|Any CPU.ActiveCfg = Debug|Any CPU
		{99ABEEF6-82F5-43D0-A11E-3B36C6EE0210}.Debug|Any CPU.Build.0 = Debug|Any CPU
		{99ABEEF6-82F5-43D0-A11E-3B36C6EE0210}.Release|Any CPU.ActiveCfg = Release|Any CPU
		{99ABEEF6-82F5-43D0-A11E-3B36C6EE0210}.Release|Any CPU.Build.0 = Release|Any CPU
		{98F0A0E9-BF75-4534-94F5-4F7253D4F935}.Debug|Any CPU.ActiveCfg = Debug|Any CPU
		{98F0A0E9-BF75-4534-94F5-4F7253D4F935}.Debug|Any CPU.Build.0 = Debug|Any CPU
		{98F0A0E9-BF75-4534-94F5-4F7253D4F935}.Release|Any CPU.ActiveCfg = Release|Any CPU
		{98F0A0E9-BF75-4534-94F5-4F7253D4F935}.Release|Any CPU.Build.0 = Release|Any CPU
		{078DD8A9-5ABF-4579-B176-3F664C9BF0C4}.Debug|Any CPU.ActiveCfg = Debug|Any CPU
		{078DD8A9-5ABF-4579-B176-3F664C9BF0C4}.Debug|Any CPU.Build.0 = Debug|Any CPU
		{078DD8A9-5ABF-4579-B176-3F664C9BF0C4}.Release|Any CPU.ActiveCfg = Release|Any CPU
		{078DD8A9-5ABF-4579-B176-3F664C9BF0C4}.Release|Any CPU.Build.0 = Release|Any CPU
		{F9FD2FEE-7FCE-47B6-A50B-E0C7C1D15E79}.Debug|Any CPU.ActiveCfg = Debug|Any CPU
		{F9FD2FEE-7FCE-47B6-A50B-E0C7C1D15E79}.Debug|Any CPU.Build.0 = Debug|Any CPU
		{F9FD2FEE-7FCE-47B6-A50B-E0C7C1D15E79}.Release|Any CPU.ActiveCfg = Release|Any CPU
		{F9FD2FEE-7FCE-47B6-A50B-E0C7C1D15E79}.Release|Any CPU.Build.0 = Release|Any CPU
		{16000A49-9CED-43C2-B033-87DB514A2AF4}.Debug|Any CPU.ActiveCfg = Debug|Any CPU
		{16000A49-9CED-43C2-B033-87DB514A2AF4}.Debug|Any CPU.Build.0 = Debug|Any CPU
		{16000A49-9CED-43C2-B033-87DB514A2AF4}.Release|Any CPU.ActiveCfg = Release|Any CPU
		{16000A49-9CED-43C2-B033-87DB514A2AF4}.Release|Any CPU.Build.0 = Release|Any CPU
		{2B2C8995-2936-40D6-95B9-8247EE058C96}.Debug|Any CPU.ActiveCfg = Debug|Any CPU
		{2B2C8995-2936-40D6-95B9-8247EE058C96}.Debug|Any CPU.Build.0 = Debug|Any CPU
		{2B2C8995-2936-40D6-95B9-8247EE058C96}.Release|Any CPU.ActiveCfg = Release|Any CPU
		{2B2C8995-2936-40D6-95B9-8247EE058C96}.Release|Any CPU.Build.0 = Release|Any CPU
		{030EC790-1523-4BE6-A5FD-1AAE8E8D562D}.Debug|Any CPU.ActiveCfg = Debug|Any CPU
		{030EC790-1523-4BE6-A5FD-1AAE8E8D562D}.Debug|Any CPU.Build.0 = Debug|Any CPU
		{030EC790-1523-4BE6-A5FD-1AAE8E8D562D}.Release|Any CPU.ActiveCfg = Release|Any CPU
		{030EC790-1523-4BE6-A5FD-1AAE8E8D562D}.Release|Any CPU.Build.0 = Release|Any CPU
		{119ACA1D-027B-4A1D-A2F0-FF4695D9D5DF}.Debug|Any CPU.ActiveCfg = Debug|Any CPU
		{119ACA1D-027B-4A1D-A2F0-FF4695D9D5DF}.Debug|Any CPU.Build.0 = Debug|Any CPU
		{119ACA1D-027B-4A1D-A2F0-FF4695D9D5DF}.Release|Any CPU.ActiveCfg = Release|Any CPU
		{119ACA1D-027B-4A1D-A2F0-FF4695D9D5DF}.Release|Any CPU.Build.0 = Release|Any CPU
		{A617A0CB-1DC7-4987-9FF8-063EA7C728DC}.Debug|Any CPU.ActiveCfg = Debug|Any CPU
		{A617A0CB-1DC7-4987-9FF8-063EA7C728DC}.Debug|Any CPU.Build.0 = Debug|Any CPU
		{A617A0CB-1DC7-4987-9FF8-063EA7C728DC}.Release|Any CPU.ActiveCfg = Release|Any CPU
		{A617A0CB-1DC7-4987-9FF8-063EA7C728DC}.Release|Any CPU.Build.0 = Release|Any CPU
	EndGlobalSection
	GlobalSection(SolutionProperties) = preSolution
		HideSolutionNode = FALSE
	EndGlobalSection
	GlobalSection(ExtensibilityGlobals) = postSolution
		SolutionGuid = {A8D14197-7B96-41CD-9B99-73143F0D0985}
	EndGlobalSection
EndGlobal
